// !$*UTF8*$!
{
	archiveVersion = 1;
	classes = {
	};
	objectVersion = 50;
	objects = {

/* Begin PBXBuildFile section */
		C5BCC86023BD26DC0096D688 /* AppDelegate.swift in Sources */ = {isa = PBXBuildFile; fileRef = C5BCC85F23BD26DC0096D688 /* AppDelegate.swift */; };
		C5BCC86223BD26DC0096D688 /* SceneDelegate.swift in Sources */ = {isa = PBXBuildFile; fileRef = C5BCC86123BD26DC0096D688 /* SceneDelegate.swift */; };
		C5BCC86423BD26DC0096D688 /* ViewController.swift in Sources */ = {isa = PBXBuildFile; fileRef = C5BCC86323BD26DC0096D688 /* ViewController.swift */; };
		C5BCC86723BD26DC0096D688 /* Main.storyboard in Resources */ = {isa = PBXBuildFile; fileRef = C5BCC86523BD26DC0096D688 /* Main.storyboard */; };
		C5BCC86923BD26DD0096D688 /* Assets.xcassets in Resources */ = {isa = PBXBuildFile; fileRef = C5BCC86823BD26DD0096D688 /* Assets.xcassets */; };
		C5BCC86C23BD26DD0096D688 /* LaunchScreen.storyboard in Resources */ = {isa = PBXBuildFile; fileRef = C5BCC86A23BD26DD0096D688 /* LaunchScreen.storyboard */; };
		C5BCC87723BD26DD0096D688 /* Relative_BibleTests.swift in Sources */ = {isa = PBXBuildFile; fileRef = C5BCC87623BD26DD0096D688 /* Relative_BibleTests.swift */; };
		C5BCC88223BD26DD0096D688 /* Relative_BibleUITests.swift in Sources */ = {isa = PBXBuildFile; fileRef = C5BCC88123BD26DD0096D688 /* Relative_BibleUITests.swift */; };
/* End PBXBuildFile section */

/* Begin PBXContainerItemProxy section */
		C5BCC87323BD26DD0096D688 /* PBXContainerItemProxy */ = {
			isa = PBXContainerItemProxy;
			containerPortal = C5BCC85423BD26DC0096D688 /* Project object */;
			proxyType = 1;
			remoteGlobalIDString = C5BCC85B23BD26DC0096D688;
			remoteInfo = "Relative Bible";
		};
		C5BCC87E23BD26DD0096D688 /* PBXContainerItemProxy */ = {
			isa = PBXContainerItemProxy;
			containerPortal = C5BCC85423BD26DC0096D688 /* Project object */;
			proxyType = 1;
			remoteGlobalIDString = C5BCC85B23BD26DC0096D688;
			remoteInfo = "Relative Bible";
		};
/* End PBXContainerItemProxy section */

/* Begin PBXFileReference section */
		C5BCC85C23BD26DC0096D688 /* Relative Bible.app */ = {isa = PBXFileReference; explicitFileType = wrapper.application; includeInIndex = 0; path = "Relative Bible.app"; sourceTree = BUILT_PRODUCTS_DIR; };
		C5BCC85F23BD26DC0096D688 /* AppDelegate.swift */ = {isa = PBXFileReference; lastKnownFileType = sourcecode.swift; path = AppDelegate.swift; sourceTree = "<group>"; };
		C5BCC86123BD26DC0096D688 /* SceneDelegate.swift */ = {isa = PBXFileReference; lastKnownFileType = sourcecode.swift; path = SceneDelegate.swift; sourceTree = "<group>"; };
		C5BCC86323BD26DC0096D688 /* ViewController.swift */ = {isa = PBXFileReference; lastKnownFileType = sourcecode.swift; path = ViewController.swift; sourceTree = "<group>"; };
		C5BCC86623BD26DC0096D688 /* Base */ = {isa = PBXFileReference; lastKnownFileType = file.storyboard; name = Base; path = Base.lproj/Main.storyboard; sourceTree = "<group>"; };
		C5BCC86823BD26DD0096D688 /* Assets.xcassets */ = {isa = PBXFileReference; lastKnownFileType = folder.assetcatalog; path = Assets.xcassets; sourceTree = "<group>"; };
		C5BCC86B23BD26DD0096D688 /* Base */ = {isa = PBXFileReference; lastKnownFileType = file.storyboard; name = Base; path = Base.lproj/LaunchScreen.storyboard; sourceTree = "<group>"; };
		C5BCC86D23BD26DD0096D688 /* Info.plist */ = {isa = PBXFileReference; lastKnownFileType = text.plist.xml; path = Info.plist; sourceTree = "<group>"; };
		C5BCC87223BD26DD0096D688 /* Relative BibleTests.xctest */ = {isa = PBXFileReference; explicitFileType = wrapper.cfbundle; includeInIndex = 0; path = "Relative BibleTests.xctest"; sourceTree = BUILT_PRODUCTS_DIR; };
		C5BCC87623BD26DD0096D688 /* Relative_BibleTests.swift */ = {isa = PBXFileReference; lastKnownFileType = sourcecode.swift; path = Relative_BibleTests.swift; sourceTree = "<group>"; };
		C5BCC87823BD26DD0096D688 /* Info.plist */ = {isa = PBXFileReference; lastKnownFileType = text.plist.xml; path = Info.plist; sourceTree = "<group>"; };
		C5BCC87D23BD26DD0096D688 /* Relative BibleUITests.xctest */ = {isa = PBXFileReference; explicitFileType = wrapper.cfbundle; includeInIndex = 0; path = "Relative BibleUITests.xctest"; sourceTree = BUILT_PRODUCTS_DIR; };
		C5BCC88123BD26DD0096D688 /* Relative_BibleUITests.swift */ = {isa = PBXFileReference; lastKnownFileType = sourcecode.swift; path = Relative_BibleUITests.swift; sourceTree = "<group>"; };
		C5BCC88323BD26DD0096D688 /* Info.plist */ = {isa = PBXFileReference; lastKnownFileType = text.plist.xml; path = Info.plist; sourceTree = "<group>"; };
/* End PBXFileReference section */

/* Begin PBXFrameworksBuildPhase section */
		C5BCC85923BD26DC0096D688 /* Frameworks */ = {
			isa = PBXFrameworksBuildPhase;
			buildActionMask = 2147483647;
			files = (
			);
			runOnlyForDeploymentPostprocessing = 0;
		};
		C5BCC86F23BD26DD0096D688 /* Frameworks */ = {
			isa = PBXFrameworksBuildPhase;
			buildActionMask = 2147483647;
			files = (
			);
			runOnlyForDeploymentPostprocessing = 0;
		};
		C5BCC87A23BD26DD0096D688 /* Frameworks */ = {
			isa = PBXFrameworksBuildPhase;
			buildActionMask = 2147483647;
			files = (
			);
			runOnlyForDeploymentPostprocessing = 0;
		};
/* End PBXFrameworksBuildPhase section */

/* Begin PBXGroup section */
		C5BCC85323BD26DC0096D688 = {
			isa = PBXGroup;
			children = (
				C5BCC85E23BD26DC0096D688 /* Relative Bible */,
				C5BCC87523BD26DD0096D688 /* Relative BibleTests */,
				C5BCC88023BD26DD0096D688 /* Relative BibleUITests */,
				C5BCC85D23BD26DC0096D688 /* Products */,
			);
			sourceTree = "<group>";
		};
		C5BCC85D23BD26DC0096D688 /* Products */ = {
			isa = PBXGroup;
			children = (
				C5BCC85C23BD26DC0096D688 /* Relative Bible.app */,
				C5BCC87223BD26DD0096D688 /* Relative BibleTests.xctest */,
				C5BCC87D23BD26DD0096D688 /* Relative BibleUITests.xctest */,
			);
			name = Products;
			sourceTree = "<group>";
		};
		C5BCC85E23BD26DC0096D688 /* Relative Bible */ = {
			isa = PBXGroup;
			children = (
				C5BCC85F23BD26DC0096D688 /* AppDelegate.swift */,
				C5BCC86123BD26DC0096D688 /* SceneDelegate.swift */,
				C5BCC86323BD26DC0096D688 /* ViewController.swift */,
				C5BCC86523BD26DC0096D688 /* Main.storyboard */,
				C5BCC86823BD26DD0096D688 /* Assets.xcassets */,
				C5BCC86A23BD26DD0096D688 /* LaunchScreen.storyboard */,
				C5BCC86D23BD26DD0096D688 /* Info.plist */,
			);
			path = "Relative Bible";
			sourceTree = "<group>";
		};
		C5BCC87523BD26DD0096D688 /* Relative BibleTests */ = {
			isa = PBXGroup;
			children = (
				C5BCC87623BD26DD0096D688 /* Relative_BibleTests.swift */,
				C5BCC87823BD26DD0096D688 /* Info.plist */,
			);
			path = "Relative BibleTests";
			sourceTree = "<group>";
		};
		C5BCC88023BD26DD0096D688 /* Relative BibleUITests */ = {
			isa = PBXGroup;
			children = (
				C5BCC88123BD26DD0096D688 /* Relative_BibleUITests.swift */,
				C5BCC88323BD26DD0096D688 /* Info.plist */,
			);
			path = "Relative BibleUITests";
			sourceTree = "<group>";
		};
/* End PBXGroup section */

/* Begin PBXNativeTarget section */
		C5BCC85B23BD26DC0096D688 /* Relative Bible */ = {
			isa = PBXNativeTarget;
			buildConfigurationList = C5BCC88623BD26DD0096D688 /* Build configuration list for PBXNativeTarget "Relative Bible" */;
			buildPhases = (
				C5BCC85823BD26DC0096D688 /* Sources */,
				C5BCC85923BD26DC0096D688 /* Frameworks */,
				C5BCC85A23BD26DC0096D688 /* Resources */,
			);
			buildRules = (
			);
			dependencies = (
			);
			name = "Relative Bible";
			productName = "Relative Bible";
			productReference = C5BCC85C23BD26DC0096D688 /* Relative Bible.app */;
			productType = "com.apple.product-type.application";
		};
		C5BCC87123BD26DD0096D688 /* Relative BibleTests */ = {
			isa = PBXNativeTarget;
			buildConfigurationList = C5BCC88923BD26DD0096D688 /* Build configuration list for PBXNativeTarget "Relative BibleTests" */;
			buildPhases = (
				C5BCC86E23BD26DD0096D688 /* Sources */,
				C5BCC86F23BD26DD0096D688 /* Frameworks */,
				C5BCC87023BD26DD0096D688 /* Resources */,
			);
			buildRules = (
			);
			dependencies = (
				C5BCC87423BD26DD0096D688 /* PBXTargetDependency */,
			);
			name = "Relative BibleTests";
			productName = "Relative BibleTests";
			productReference = C5BCC87223BD26DD0096D688 /* Relative BibleTests.xctest */;
			productType = "com.apple.product-type.bundle.unit-test";
		};
		C5BCC87C23BD26DD0096D688 /* Relative BibleUITests */ = {
			isa = PBXNativeTarget;
			buildConfigurationList = C5BCC88C23BD26DD0096D688 /* Build configuration list for PBXNativeTarget "Relative BibleUITests" */;
			buildPhases = (
				C5BCC87923BD26DD0096D688 /* Sources */,
				C5BCC87A23BD26DD0096D688 /* Frameworks */,
				C5BCC87B23BD26DD0096D688 /* Resources */,
			);
			buildRules = (
			);
			dependencies = (
				C5BCC87F23BD26DD0096D688 /* PBXTargetDependency */,
			);
			name = "Relative BibleUITests";
			productName = "Relative BibleUITests";
			productReference = C5BCC87D23BD26DD0096D688 /* Relative BibleUITests.xctest */;
			productType = "com.apple.product-type.bundle.ui-testing";
		};
/* End PBXNativeTarget section */

/* Begin PBXProject section */
		C5BCC85423BD26DC0096D688 /* Project object */ = {
			isa = PBXProject;
			attributes = {
				LastSwiftUpdateCheck = 1130;
				LastUpgradeCheck = 1130;
				ORGANIZATIONNAME = "Peter Ke";
				TargetAttributes = {
					C5BCC85B23BD26DC0096D688 = {
						CreatedOnToolsVersion = 11.3;
					};
					C5BCC87123BD26DD0096D688 = {
						CreatedOnToolsVersion = 11.3;
						TestTargetID = C5BCC85B23BD26DC0096D688;
					};
					C5BCC87C23BD26DD0096D688 = {
						CreatedOnToolsVersion = 11.3;
						TestTargetID = C5BCC85B23BD26DC0096D688;
					};
				};
			};
			buildConfigurationList = C5BCC85723BD26DC0096D688 /* Build configuration list for PBXProject "Relative Bible" */;
			compatibilityVersion = "Xcode 9.3";
			developmentRegion = en;
			hasScannedForEncodings = 0;
			knownRegions = (
				en,
				Base,
			);
			mainGroup = C5BCC85323BD26DC0096D688;
			productRefGroup = C5BCC85D23BD26DC0096D688 /* Products */;
			projectDirPath = "";
			projectRoot = "";
			targets = (
				C5BCC85B23BD26DC0096D688 /* Relative Bible */,
				C5BCC87123BD26DD0096D688 /* Relative BibleTests */,
				C5BCC87C23BD26DD0096D688 /* Relative BibleUITests */,
			);
		};
/* End PBXProject section */

/* Begin PBXResourcesBuildPhase section */
		C5BCC85A23BD26DC0096D688 /* Resources */ = {
			isa = PBXResourcesBuildPhase;
			buildActionMask = 2147483647;
			files = (
				C5BCC86C23BD26DD0096D688 /* LaunchScreen.storyboard in Resources */,
				C5BCC86923BD26DD0096D688 /* Assets.xcassets in Resources */,
				C5BCC86723BD26DC0096D688 /* Main.storyboard in Resources */,
			);
			runOnlyForDeploymentPostprocessing = 0;
		};
		C5BCC87023BD26DD0096D688 /* Resources */ = {
			isa = PBXResourcesBuildPhase;
			buildActionMask = 2147483647;
			files = (
			);
			runOnlyForDeploymentPostprocessing = 0;
		};
		C5BCC87B23BD26DD0096D688 /* Resources */ = {
			isa = PBXResourcesBuildPhase;
			buildActionMask = 2147483647;
			files = (
			);
			runOnlyForDeploymentPostprocessing = 0;
		};
/* End PBXResourcesBuildPhase section */

/* Begin PBXSourcesBuildPhase section */
		C5BCC85823BD26DC0096D688 /* Sources */ = {
			isa = PBXSourcesBuildPhase;
			buildActionMask = 2147483647;
			files = (
				C5BCC86423BD26DC0096D688 /* ViewController.swift in Sources */,
				C5BCC86023BD26DC0096D688 /* AppDelegate.swift in Sources */,
				C5BCC86223BD26DC0096D688 /* SceneDelegate.swift in Sources */,
			);
			runOnlyForDeploymentPostprocessing = 0;
		};
		C5BCC86E23BD26DD0096D688 /* Sources */ = {
			isa = PBXSourcesBuildPhase;
			buildActionMask = 2147483647;
			files = (
				C5BCC87723BD26DD0096D688 /* Relative_BibleTests.swift in Sources */,
			);
			runOnlyForDeploymentPostprocessing = 0;
		};
		C5BCC87923BD26DD0096D688 /* Sources */ = {
			isa = PBXSourcesBuildPhase;
			buildActionMask = 2147483647;
			files = (
				C5BCC88223BD26DD0096D688 /* Relative_BibleUITests.swift in Sources */,
			);
			runOnlyForDeploymentPostprocessing = 0;
		};
/* End PBXSourcesBuildPhase section */

/* Begin PBXTargetDependency section */
		C5BCC87423BD26DD0096D688 /* PBXTargetDependency */ = {
			isa = PBXTargetDependency;
			target = C5BCC85B23BD26DC0096D688 /* Relative Bible */;
			targetProxy = C5BCC87323BD26DD0096D688 /* PBXContainerItemProxy */;
		};
		C5BCC87F23BD26DD0096D688 /* PBXTargetDependency */ = {
			isa = PBXTargetDependency;
			target = C5BCC85B23BD26DC0096D688 /* Relative Bible */;
			targetProxy = C5BCC87E23BD26DD0096D688 /* PBXContainerItemProxy */;
		};
/* End PBXTargetDependency section */

/* Begin PBXVariantGroup section */
		C5BCC86523BD26DC0096D688 /* Main.storyboard */ = {
			isa = PBXVariantGroup;
			children = (
				C5BCC86623BD26DC0096D688 /* Base */,
			);
			name = Main.storyboard;
			sourceTree = "<group>";
		};
		C5BCC86A23BD26DD0096D688 /* LaunchScreen.storyboard */ = {
			isa = PBXVariantGroup;
			children = (
				C5BCC86B23BD26DD0096D688 /* Base */,
			);
			name = LaunchScreen.storyboard;
			sourceTree = "<group>";
		};
/* End PBXVariantGroup section */

/* Begin XCBuildConfiguration section */
		C5BCC88423BD26DD0096D688 /* Debug */ = {
			isa = XCBuildConfiguration;
			buildSettings = {
				ALWAYS_SEARCH_USER_PATHS = NO;
				CLANG_ANALYZER_NONNULL = YES;
				CLANG_ANALYZER_NUMBER_OBJECT_CONVERSION = YES_AGGRESSIVE;
				CLANG_CXX_LANGUAGE_STANDARD = "gnu++14";
				CLANG_CXX_LIBRARY = "libc++";
				CLANG_ENABLE_MODULES = YES;
				CLANG_ENABLE_OBJC_ARC = YES;
				CLANG_ENABLE_OBJC_WEAK = YES;
				CLANG_WARN_BLOCK_CAPTURE_AUTORELEASING = YES;
				CLANG_WARN_BOOL_CONVERSION = YES;
				CLANG_WARN_COMMA = YES;
				CLANG_WARN_CONSTANT_CONVERSION = YES;
				CLANG_WARN_DEPRECATED_OBJC_IMPLEMENTATIONS = YES;
				CLANG_WARN_DIRECT_OBJC_ISA_USAGE = YES_ERROR;
				CLANG_WARN_DOCUMENTATION_COMMENTS = YES;
				CLANG_WARN_EMPTY_BODY = YES;
				CLANG_WARN_ENUM_CONVERSION = YES;
				CLANG_WARN_INFINITE_RECURSION = YES;
				CLANG_WARN_INT_CONVERSION = YES;
				CLANG_WARN_NON_LITERAL_NULL_CONVERSION = YES;
				CLANG_WARN_OBJC_IMPLICIT_RETAIN_SELF = YES;
				CLANG_WARN_OBJC_LITERAL_CONVERSION = YES;
				CLANG_WARN_OBJC_ROOT_CLASS = YES_ERROR;
				CLANG_WARN_RANGE_LOOP_ANALYSIS = YES;
				CLANG_WARN_STRICT_PROTOTYPES = YES;
				CLANG_WARN_SUSPICIOUS_MOVE = YES;
				CLANG_WARN_UNGUARDED_AVAILABILITY = YES_AGGRESSIVE;
				CLANG_WARN_UNREACHABLE_CODE = YES;
				CLANG_WARN__DUPLICATE_METHOD_MATCH = YES;
				COPY_PHASE_STRIP = NO;
				DEBUG_INFORMATION_FORMAT = dwarf;
				ENABLE_STRICT_OBJC_MSGSEND = YES;
				ENABLE_TESTABILITY = YES;
				GCC_C_LANGUAGE_STANDARD = gnu11;
				GCC_DYNAMIC_NO_PIC = NO;
				GCC_NO_COMMON_BLOCKS = YES;
				GCC_OPTIMIZATION_LEVEL = 0;
				GCC_PREPROCESSOR_DEFINITIONS = (
					"DEBUG=1",
					"$(inherited)",
				);
				GCC_WARN_64_TO_32_BIT_CONVERSION = YES;
				GCC_WARN_ABOUT_RETURN_TYPE = YES_ERROR;
				GCC_WARN_UNDECLARED_SELECTOR = YES;
				GCC_WARN_UNINITIALIZED_AUTOS = YES_AGGRESSIVE;
				GCC_WARN_UNUSED_FUNCTION = YES;
				GCC_WARN_UNUSED_VARIABLE = YES;
				IPHONEOS_DEPLOYMENT_TARGET = 13.2;
				MTL_ENABLE_DEBUG_INFO = INCLUDE_SOURCE;
				MTL_FAST_MATH = YES;
				ONLY_ACTIVE_ARCH = YES;
				SDKROOT = iphoneos;
				SWIFT_ACTIVE_COMPILATION_CONDITIONS = DEBUG;
				SWIFT_OPTIMIZATION_LEVEL = "-Onone";
			};
			name = Debug;
		};
		C5BCC88523BD26DD0096D688 /* Release */ = {
			isa = XCBuildConfiguration;
			buildSettings = {
				ALWAYS_SEARCH_USER_PATHS = NO;
				CLANG_ANALYZER_NONNULL = YES;
				CLANG_ANALYZER_NUMBER_OBJECT_CONVERSION = YES_AGGRESSIVE;
				CLANG_CXX_LANGUAGE_STANDARD = "gnu++14";
				CLANG_CXX_LIBRARY = "libc++";
				CLANG_ENABLE_MODULES = YES;
				CLANG_ENABLE_OBJC_ARC = YES;
				CLANG_ENABLE_OBJC_WEAK = YES;
				CLANG_WARN_BLOCK_CAPTURE_AUTORELEASING = YES;
				CLANG_WARN_BOOL_CONVERSION = YES;
				CLANG_WARN_COMMA = YES;
				CLANG_WARN_CONSTANT_CONVERSION = YES;
				CLANG_WARN_DEPRECATED_OBJC_IMPLEMENTATIONS = YES;
				CLANG_WARN_DIRECT_OBJC_ISA_USAGE = YES_ERROR;
				CLANG_WARN_DOCUMENTATION_COMMENTS = YES;
				CLANG_WARN_EMPTY_BODY = YES;
				CLANG_WARN_ENUM_CONVERSION = YES;
				CLANG_WARN_INFINITE_RECURSION = YES;
				CLANG_WARN_INT_CONVERSION = YES;
				CLANG_WARN_NON_LITERAL_NULL_CONVERSION = YES;
				CLANG_WARN_OBJC_IMPLICIT_RETAIN_SELF = YES;
				CLANG_WARN_OBJC_LITERAL_CONVERSION = YES;
				CLANG_WARN_OBJC_ROOT_CLASS = YES_ERROR;
				CLANG_WARN_RANGE_LOOP_ANALYSIS = YES;
				CLANG_WARN_STRICT_PROTOTYPES = YES;
				CLANG_WARN_SUSPICIOUS_MOVE = YES;
				CLANG_WARN_UNGUARDED_AVAILABILITY = YES_AGGRESSIVE;
				CLANG_WARN_UNREACHABLE_CODE = YES;
				CLANG_WARN__DUPLICATE_METHOD_MATCH = YES;
				COPY_PHASE_STRIP = NO;
				DEBUG_INFORMATION_FORMAT = "dwarf-with-dsym";
				ENABLE_NS_ASSERTIONS = NO;
				ENABLE_STRICT_OBJC_MSGSEND = YES;
				GCC_C_LANGUAGE_STANDARD = gnu11;
				GCC_NO_COMMON_BLOCKS = YES;
				GCC_WARN_64_TO_32_BIT_CONVERSION = YES;
				GCC_WARN_ABOUT_RETURN_TYPE = YES_ERROR;
				GCC_WARN_UNDECLARED_SELECTOR = YES;
				GCC_WARN_UNINITIALIZED_AUTOS = YES_AGGRESSIVE;
				GCC_WARN_UNUSED_FUNCTION = YES;
				GCC_WARN_UNUSED_VARIABLE = YES;
				IPHONEOS_DEPLOYMENT_TARGET = 13.2;
				MTL_ENABLE_DEBUG_INFO = NO;
				MTL_FAST_MATH = YES;
				SDKROOT = iphoneos;
				SWIFT_COMPILATION_MODE = wholemodule;
				SWIFT_OPTIMIZATION_LEVEL = "-O";
				VALIDATE_PRODUCT = YES;
			};
			name = Release;
		};
		C5BCC88723BD26DD0096D688 /* Debug */ = {
			isa = XCBuildConfiguration;
			buildSettings = {
				ASSETCATALOG_COMPILER_APPICON_NAME = AppIcon;
				CODE_SIGN_STYLE = Automatic;
				DEVELOPMENT_TEAM = 9TH7M8LKJX;
				INFOPLIST_FILE = "Relative Bible/Info.plist";
				LD_RUNPATH_SEARCH_PATHS = (
					"$(inherited)",
					"@executable_path/Frameworks",
				);
				PRODUCT_BUNDLE_IDENTIFIER = "com.pierrebeasley.Relative-Bible";
				PRODUCT_NAME = "$(TARGET_NAME)";
				SWIFT_VERSION = 5.0;
				TARGETED_DEVICE_FAMILY = "1,2";
			};
			name = Debug;
		};
		C5BCC88823BD26DD0096D688 /* Release */ = {
			isa = XCBuildConfiguration;
			buildSettings = {
				ASSETCATALOG_COMPILER_APPICON_NAME = AppIcon;
				CODE_SIGN_STYLE = Automatic;
				DEVELOPMENT_TEAM = 9TH7M8LKJX;
				INFOPLIST_FILE = "Relative Bible/Info.plist";
				LD_RUNPATH_SEARCH_PATHS = (
					"$(inherited)",
					"@executable_path/Frameworks",
				);
				PRODUCT_BUNDLE_IDENTIFIER = "com.pierrebeasley.Relative-Bible";
				PRODUCT_NAME = "$(TARGET_NAME)";
				SWIFT_VERSION = 5.0;
				TARGETED_DEVICE_FAMILY = "1,2";
			};
			name = Release;
		};
		C5BCC88A23BD26DD0096D688 /* Debug */ = {
			isa = XCBuildConfiguration;
			buildSettings = {
				ALWAYS_EMBED_SWIFT_STANDARD_LIBRARIES = YES;
				BUNDLE_LOADER = "$(TEST_HOST)";
				CODE_SIGN_STYLE = Automatic;
				DEVELOPMENT_TEAM = 9TH7M8LKJX;
				INFOPLIST_FILE = "Relative BibleTests/Info.plist";
				IPHONEOS_DEPLOYMENT_TARGET = 13.2;
				LD_RUNPATH_SEARCH_PATHS = (
					"$(inherited)",
					"@executable_path/Frameworks",
					"@loader_path/Frameworks",
				);
				PRODUCT_BUNDLE_IDENTIFIER = "com.pierrebeasley.Relative-BibleTests";
				PRODUCT_NAME = "$(TARGET_NAME)";
				SWIFT_VERSION = 5.0;
				TARGETED_DEVICE_FAMILY = "1,2";
				TEST_HOST = "$(BUILT_PRODUCTS_DIR)/Relative Bible.app/Relative Bible";
			};
			name = Debug;
		};
		C5BCC88B23BD26DD0096D688 /* Release */ = {
			isa = XCBuildConfiguration;
			buildSettings = {
				ALWAYS_EMBED_SWIFT_STANDARD_LIBRARIES = YES;
				BUNDLE_LOADER = "$(TEST_HOST)";
				CODE_SIGN_STYLE = Automatic;
				DEVELOPMENT_TEAM = 9TH7M8LKJX;
				INFOPLIST_FILE = "Relative BibleTests/Info.plist";
				IPHONEOS_DEPLOYMENT_TARGET = 13.2;
				LD_RUNPATH_SEARCH_PATHS = (
					"$(inherited)",
					"@executable_path/Frameworks",
					"@loader_path/Frameworks",
				);
				PRODUCT_BUNDLE_IDENTIFIER = "com.pierrebeasley.Relative-BibleTests";
				PRODUCT_NAME = "$(TARGET_NAME)";
				SWIFT_VERSION = 5.0;
				TARGETED_DEVICE_FAMILY = "1,2";
				TEST_HOST = "$(BUILT_PRODUCTS_DIR)/Relative Bible.app/Relative Bible";
			};
			name = Release;
		};
		C5BCC88D23BD26DD0096D688 /* Debug */ = {
			isa = XCBuildConfiguration;
			buildSettings = {
				ALWAYS_EMBED_SWIFT_STANDARD_LIBRARIES = YES;
				CODE_SIGN_STYLE = Automatic;
				DEVELOPMENT_TEAM = 9TH7M8LKJX;
				INFOPLIST_FILE = "Relative BibleUITests/Info.plist";
				LD_RUNPATH_SEARCH_PATHS = (
					"$(inherited)",
					"@executable_path/Frameworks",
					"@loader_path/Frameworks",
				);
				PRODUCT_BUNDLE_IDENTIFIER = "com.pierrebeasley.Relative-BibleUITests";
				PRODUCT_NAME = "$(TARGET_NAME)";
				SWIFT_VERSION = 5.0;
				TARGETED_DEVICE_FAMILY = "1,2";
				TEST_TARGET_NAME = "Relative Bible";
			};
			name = Debug;
		};
		C5BCC88E23BD26DD0096D688 /* Release */ = {
			isa = XCBuildConfiguration;
			buildSettings = {
				ALWAYS_EMBED_SWIFT_STANDARD_LIBRARIES = YES;
				CODE_SIGN_STYLE = Automatic;
				DEVELOPMENT_TEAM = 9TH7M8LKJX;
				INFOPLIST_FILE = "Relative BibleUITests/Info.plist";
				LD_RUNPATH_SEARCH_PATHS = (
					"$(inherited)",
					"@executable_path/Frameworks",
					"@loader_path/Frameworks",
				);
				PRODUCT_BUNDLE_IDENTIFIER = "com.pierrebeasley.Relative-BibleUITests";
				PRODUCT_NAME = "$(TARGET_NAME)";
				SWIFT_VERSION = 5.0;
				TARGETED_DEVICE_FAMILY = "1,2";
				TEST_TARGET_NAME = "Relative Bible";
			};
			name = Release;
		};
/* End XCBuildConfiguration section */

/* Begin XCConfigurationList section */
		C5BCC85723BD26DC0096D688 /* Build configuration list for PBXProject "Relative Bible" */ = {
			isa = XCConfigurationList;
			buildConfigurations = (
				C5BCC88423BD26DD0096D688 /* Debug */,
				C5BCC88523BD26DD0096D688 /* Release */,
			);
			defaultConfigurationIsVisible = 0;
			defaultConfigurationName = Release;
		};
		C5BCC88623BD26DD0096D688 /* Build configuration list for PBXNativeTarget "Relative Bible" */ = {
			isa = XCConfigurationList;
			buildConfigurations = (
				C5BCC88723BD26DD0096D688 /* Debug */,
				C5BCC88823BD26DD0096D688 /* Release */,
			);
			defaultConfigurationIsVisible = 0;
			defaultConfigurationName = Release;
		};
		C5BCC88923BD26DD0096D688 /* Build configuration list for PBXNativeTarget "Relative BibleTests" */ = {
			isa = XCConfigurationList;
			buildConfigurations = (
				C5BCC88A23BD26DD0096D688 /* Debug */,
				C5BCC88B23BD26DD0096D688 /* Release */,
			);
			defaultConfigurationIsVisible = 0;
			defaultConfigurationName = Release;
		};
		C5BCC88C23BD26DD0096D688 /* Build configuration list for PBXNativeTarget "Relative BibleUITests" */ = {
			isa = XCConfigurationList;
			buildConfigurations = (
				C5BCC88D23BD26DD0096D688 /* Debug */,
				C5BCC88E23BD26DD0096D688 /* Release */,
			);
			defaultConfigurationIsVisible = 0;
			defaultConfigurationName = Release;
		};
/* End XCConfigurationList section */
	};
	rootObject = C5BCC85423BD26DC0096D688 /* Project object */;
}
